
Microsoft Visual Studio Solution File, Format Version 12.00
# Visual Studio Version 16
VisualStudioVersion = 16.0.31105.61
MinimumVisualStudioVersion = 10.0.40219.1
Project("{FAE04EC0-301F-11D3-BF4B-00C04F79EFBC}") = "calculator", "calculator\calculator.csproj", "{19D86E3E-B6A2-4B40-998F-ECB9D16FEF8D}"
EndProject
Global
	GlobalSection(SolutionConfigurationPlatforms) = preSolution
		Debug|Any CPU = Debug|Any CPU
		Release|Any CPU = Release|Any CPU
	EndGlobalSection
	GlobalSection(ProjectConfigurationPlatforms) = postSolution
		{19D86E3E-B6A2-4B40-998F-ECB9D16FEF8D}.Debug|Any CPU.ActiveCfg = Debug|Any CPU
		{19D86E3E-B6A2-4B40-998F-ECB9D16FEF8D}.Debug|Any CPU.Build.0 = Debug|Any CPU
		{19D86E3E-B6A2-4B40-998F-ECB9D16FEF8D}.Release|Any CPU.ActiveCfg = Release|Any CPU
		{19D86E3E-B6A2-4B40-998F-ECB9D16FEF8D}.Release|Any CPU.Build.0 = Release|Any CPU
	EndGlobalSection
	GlobalSection(SolutionProperties) = preSolution
		HideSolutionNode = FALSE
	EndGlobalSection
	GlobalSection(ExtensibilityGlobals) = postSolution
		SolutionGuid = {962900CC-7CD7-4F4B-9F5D-168E14F845EC}
	EndGlobalSection
EndGlobal
